// !$*UTF8*$!
{
	archiveVersion = 1;
	classes = {
	};
	objectVersion = 46;
	objects = {

/* Begin PBXBuildFile section */
		9321E85F1CA22B14009C668F /* AppDelegate.swift in Sources */ = {isa = PBXBuildFile; fileRef = 9321E85E1CA22B14009C668F /* AppDelegate.swift */; };
		9321E8611CA22B14009C668F /* ViewController.swift in Sources */ = {isa = PBXBuildFile; fileRef = 9321E8601CA22B14009C668F /* ViewController.swift */; };
		9321E8641CA22B14009C668F /* Main.storyboard in Resources */ = {isa = PBXBuildFile; fileRef = 9321E8621CA22B14009C668F /* Main.storyboard */; };
		9321E8661CA22B14009C668F /* Assets.xcassets in Resources */ = {isa = PBXBuildFile; fileRef = 9321E8651CA22B14009C668F /* Assets.xcassets */; };
		9321E8691CA22B14009C668F /* LaunchScreen.storyboard in Resources */ = {isa = PBXBuildFile; fileRef = 9321E8671CA22B14009C668F /* LaunchScreen.storyboard */; };
		9321E8741CA22B14009C668F /* TestUIBezierTests.swift in Sources */ = {isa = PBXBuildFile; fileRef = 9321E8731CA22B14009C668F /* TestUIBezierTests.swift */; };
		9321E87F1CA22B14009C668F /* TestUIBezierUITests.swift in Sources */ = {isa = PBXBuildFile; fileRef = 9321E87E1CA22B14009C668F /* TestUIBezierUITests.swift */; };
/* End PBXBuildFile section */

/* Begin PBXContainerItemProxy section */
		9321E8701CA22B14009C668F /* PBXContainerItemProxy */ = {
			isa = PBXContainerItemProxy;
			containerPortal = 9321E8531CA22B13009C668F /* Project object */;
			proxyType = 1;
			remoteGlobalIDString = 9321E85A1CA22B14009C668F;
			remoteInfo = TestUIBezier;
		};
		9321E87B1CA22B14009C668F /* PBXContainerItemProxy */ = {
			isa = PBXContainerItemProxy;
			containerPortal = 9321E8531CA22B13009C668F /* Project object */;
			proxyType = 1;
			remoteGlobalIDString = 9321E85A1CA22B14009C668F;
			remoteInfo = TestUIBezier;
		};
/* End PBXContainerItemProxy section */

/* Begin PBXFileReference section */
		9321E85B1CA22B14009C668F /* TestUIBezier.app */ = {isa = PBXFileReference; explicitFileType = wrapper.application; includeInIndex = 0; path = TestUIBezier.app; sourceTree = BUILT_PRODUCTS_DIR; };
		9321E85E1CA22B14009C668F /* AppDelegate.swift */ = {isa = PBXFileReference; lastKnownFileType = sourcecode.swift; path = AppDelegate.swift; sourceTree = "<group>"; };
		9321E8601CA22B14009C668F /* ViewController.swift */ = {isa = PBXFileReference; lastKnownFileType = sourcecode.swift; path = ViewController.swift; sourceTree = "<group>"; };
		9321E8631CA22B14009C668F /* Base */ = {isa = PBXFileReference; lastKnownFileType = file.storyboard; name = Base; path = Base.lproj/Main.storyboard; sourceTree = "<group>"; };
		9321E8651CA22B14009C668F /* Assets.xcassets */ = {isa = PBXFileReference; lastKnownFileType = folder.assetcatalog; path = Assets.xcassets; sourceTree = "<group>"; };
		9321E8681CA22B14009C668F /* Base */ = {isa = PBXFileReference; lastKnownFileType = file.storyboard; name = Base; path = Base.lproj/LaunchScreen.storyboard; sourceTree = "<group>"; };
		9321E86A1CA22B14009C668F /* Info.plist */ = {isa = PBXFileReference; lastKnownFileType = text.plist.xml; path = Info.plist; sourceTree = "<group>"; };
		9321E86F1CA22B14009C668F /* TestUIBezierTests.xctest */ = {isa = PBXFileReference; explicitFileType = wrapper.cfbundle; includeInIndex = 0; path = TestUIBezierTests.xctest; sourceTree = BUILT_PRODUCTS_DIR; };
		9321E8731CA22B14009C668F /* TestUIBezierTests.swift */ = {isa = PBXFileReference; lastKnownFileType = sourcecode.swift; path = TestUIBezierTests.swift; sourceTree = "<group>"; };
		9321E8751CA22B14009C668F /* Info.plist */ = {isa = PBXFileReference; lastKnownFileType = text.plist.xml; path = Info.plist; sourceTree = "<group>"; };
		9321E87A1CA22B14009C668F /* TestUIBezierUITests.xctest */ = {isa = PBXFileReference; explicitFileType = wrapper.cfbundle; includeInIndex = 0; path = TestUIBezierUITests.xctest; sourceTree = BUILT_PRODUCTS_DIR; };
		9321E87E1CA22B14009C668F /* TestUIBezierUITests.swift */ = {isa = PBXFileReference; lastKnownFileType = sourcecode.swift; path = TestUIBezierUITests.swift; sourceTree = "<group>"; };
		9321E8801CA22B14009C668F /* Info.plist */ = {isa = PBXFileReference; lastKnownFileType = text.plist.xml; path = Info.plist; sourceTree = "<group>"; };
/* End PBXFileReference section */

/* Begin PBXFrameworksBuildPhase section */
		9321E8581CA22B14009C668F /* Frameworks */ = {
			isa = PBXFrameworksBuildPhase;
			buildActionMask = 2147483647;
			files = (
			);
			runOnlyForDeploymentPostprocessing = 0;
		};
		9321E86C1CA22B14009C668F /* Frameworks */ = {
			isa = PBXFrameworksBuildPhase;
			buildActionMask = 2147483647;
			files = (
			);
			runOnlyForDeploymentPostprocessing = 0;
		};
		9321E8771CA22B14009C668F /* Frameworks */ = {
			isa = PBXFrameworksBuildPhase;
			buildActionMask = 2147483647;
			files = (
			);
			runOnlyForDeploymentPostprocessing = 0;
		};
/* End PBXFrameworksBuildPhase section */

/* Begin PBXGroup section */
		9321E8521CA22B13009C668F = {
			isa = PBXGroup;
			children = (
				9321E85D1CA22B14009C668F /* TestUIBezier */,
				9321E8721CA22B14009C668F /* TestUIBezierTests */,
				9321E87D1CA22B14009C668F /* TestUIBezierUITests */,
				9321E85C1CA22B14009C668F /* Products */,
			);
			sourceTree = "<group>";
		};
		9321E85C1CA22B14009C668F /* Products */ = {
			isa = PBXGroup;
			children = (
				9321E85B1CA22B14009C668F /* TestUIBezier.app */,
				9321E86F1CA22B14009C668F /* TestUIBezierTests.xctest */,
				9321E87A1CA22B14009C668F /* TestUIBezierUITests.xctest */,
			);
			name = Products;
			sourceTree = "<group>";
		};
		9321E85D1CA22B14009C668F /* TestUIBezier */ = {
			isa = PBXGroup;
			children = (
				9321E85E1CA22B14009C668F /* AppDelegate.swift */,
				9321E8601CA22B14009C668F /* ViewController.swift */,
				9321E8621CA22B14009C668F /* Main.storyboard */,
				9321E8651CA22B14009C668F /* Assets.xcassets */,
				9321E8671CA22B14009C668F /* LaunchScreen.storyboard */,
				9321E86A1CA22B14009C668F /* Info.plist */,
			);
			path = TestUIBezier;
			sourceTree = "<group>";
		};
		9321E8721CA22B14009C668F /* TestUIBezierTests */ = {
			isa = PBXGroup;
			children = (
				9321E8731CA22B14009C668F /* TestUIBezierTests.swift */,
				9321E8751CA22B14009C668F /* Info.plist */,
			);
			path = TestUIBezierTests;
			sourceTree = "<group>";
		};
		9321E87D1CA22B14009C668F /* TestUIBezierUITests */ = {
			isa = PBXGroup;
			children = (
				9321E87E1CA22B14009C668F /* TestUIBezierUITests.swift */,
				9321E8801CA22B14009C668F /* Info.plist */,
			);
			path = TestUIBezierUITests;
			sourceTree = "<group>";
		};
/* End PBXGroup section */

/* Begin PBXNativeTarget section */
		9321E85A1CA22B14009C668F /* TestUIBezier */ = {
			isa = PBXNativeTarget;
			buildConfigurationList = 9321E8831CA22B14009C668F /* Build configuration list for PBXNativeTarget "TestUIBezier" */;
			buildPhases = (
				9321E8571CA22B14009C668F /* Sources */,
				9321E8581CA22B14009C668F /* Frameworks */,
				9321E8591CA22B14009C668F /* Resources */,
			);
			buildRules = (
			);
			dependencies = (
			);
			name = TestUIBezier;
			productName = TestUIBezier;
			productReference = 9321E85B1CA22B14009C668F /* TestUIBezier.app */;
			productType = "com.apple.product-type.application";
		};
		9321E86E1CA22B14009C668F /* TestUIBezierTests */ = {
			isa = PBXNativeTarget;
			buildConfigurationList = 9321E8861CA22B14009C668F /* Build configuration list for PBXNativeTarget "TestUIBezierTests" */;
			buildPhases = (
				9321E86B1CA22B14009C668F /* Sources */,
				9321E86C1CA22B14009C668F /* Frameworks */,
				9321E86D1CA22B14009C668F /* Resources */,
			);
			buildRules = (
			);
			dependencies = (
				9321E8711CA22B14009C668F /* PBXTargetDependency */,
			);
			name = TestUIBezierTests;
			productName = TestUIBezierTests;
			productReference = 9321E86F1CA22B14009C668F /* TestUIBezierTests.xctest */;
			productType = "com.apple.product-type.bundle.unit-test";
		};
		9321E8791CA22B14009C668F /* TestUIBezierUITests */ = {
			isa = PBXNativeTarget;
			buildConfigurationList = 9321E8891CA22B14009C668F /* Build configuration list for PBXNativeTarget "TestUIBezierUITests" */;
			buildPhases = (
				9321E8761CA22B14009C668F /* Sources */,
				9321E8771CA22B14009C668F /* Frameworks */,
				9321E8781CA22B14009C668F /* Resources */,
			);
			buildRules = (
			);
			dependencies = (
				9321E87C1CA22B14009C668F /* PBXTargetDependency */,
			);
			name = TestUIBezierUITests;
			productName = TestUIBezierUITests;
			productReference = 9321E87A1CA22B14009C668F /* TestUIBezierUITests.xctest */;
			productType = "com.apple.product-type.bundle.ui-testing";
		};
/* End PBXNativeTarget section */

/* Begin PBXProject section */
		9321E8531CA22B13009C668F /* Project object */ = {
			isa = PBXProject;
			attributes = {
				LastSwiftUpdateCheck = 0730;
				LastUpgradeCheck = 0730;
				ORGANIZATIONNAME = "薛焱";
				TargetAttributes = {
					9321E85A1CA22B14009C668F = {
						CreatedOnToolsVersion = 7.3;
						DevelopmentTeam = ZQ3C4D99B8;
					};
					9321E86E1CA22B14009C668F = {
						CreatedOnToolsVersion = 7.3;
						DevelopmentTeam = ZQ3C4D99B8;
						TestTargetID = 9321E85A1CA22B14009C668F;
					};
					9321E8791CA22B14009C668F = {
						CreatedOnToolsVersion = 7.3;
						DevelopmentTeam = ZQ3C4D99B8;
						TestTargetID = 9321E85A1CA22B14009C668F;
					};
				};
			};
			buildConfigurationList = 9321E8561CA22B13009C668F /* Build configuration list for PBXProject "TestUIBezier" */;
			compatibilityVersion = "Xcode 3.2";
			developmentRegion = English;
			hasScannedForEncodings = 0;
			knownRegions = (
				en,
				Base,
			);
			mainGroup = 9321E8521CA22B13009C668F;
			productRefGroup = 9321E85C1CA22B14009C668F /* Products */;
			projectDirPath = "";
			projectRoot = "";
			targets = (
				9321E85A1CA22B14009C668F /* TestUIBezier */,
				9321E86E1CA22B14009C668F /* TestUIBezierTests */,
				9321E8791CA22B14009C668F /* TestUIBezierUITests */,
			);
		};
/* End PBXProject section */

/* Begin PBXResourcesBuildPhase section */
		9321E8591CA22B14009C668F /* Resources */ = {
			isa = PBXResourcesBuildPhase;
			buildActionMask = 2147483647;
			files = (
				9321E8691CA22B14009C668F /* LaunchScreen.storyboard in Resources */,
				9321E8661CA22B14009C668F /* Assets.xcassets in Resources */,
				9321E8641CA22B14009C668F /* Main.storyboard in Resources */,
			);
			runOnlyForDeploymentPostprocessing = 0;
		};
		9321E86D1CA22B14009C668F /* Resources */ = {
			isa = PBXResourcesBuildPhase;
			buildActionMask = 2147483647;
			files = (
			);
			runOnlyForDeploymentPostprocessing = 0;
		};
		9321E8781CA22B14009C668F /* Resources */ = {
			isa = PBXResourcesBuildPhase;
			buildActionMask = 2147483647;
			files = (
			);
			runOnlyForDeploymentPostprocessing = 0;
		};
/* End PBXResourcesBuildPhase section */

/* Begin PBXSourcesBuildPhase section */
		9321E8571CA22B14009C668F /* Sources */ = {
			isa = PBXSourcesBuildPhase;
			buildActionMask = 2147483647;
			files = (
				9321E8611CA22B14009C668F /* ViewController.swift in Sources */,
				9321E85F1CA22B14009C668F /* AppDelegate.swift in Sources */,
			);
			runOnlyForDeploymentPostprocessing = 0;
		};
		9321E86B1CA22B14009C668F /* Sources */ = {
			isa = PBXSourcesBuildPhase;
			buildActionMask = 2147483647;
			files = (
				9321E8741CA22B14009C668F /* TestUIBezierTests.swift in Sources */,
			);
			runOnlyForDeploymentPostprocessing = 0;
		};
		9321E8761CA22B14009C668F /* Sources */ = {
			isa = PBXSourcesBuildPhase;
			buildActionMask = 2147483647;
			files = (
				9321E87F1CA22B14009C668F /* TestUIBezierUITests.swift in Sources */,
			);
			runOnlyForDeploymentPostprocessing = 0;
		};
/* End PBXSourcesBuildPhase section */

/* Begin PBXTargetDependency section */
		9321E8711CA22B14009C668F /* PBXTargetDependency */ = {
			isa = PBXTargetDependency;
			target = 9321E85A1CA22B14009C668F /* TestUIBezier */;
			targetProxy = 9321E8701CA22B14009C668F /* PBXContainerItemProxy */;
		};
		9321E87C1CA22B14009C668F /* PBXTargetDependency */ = {
			isa = PBXTargetDependency;
			target = 9321E85A1CA22B14009C668F /* TestUIBezier */;
			targetProxy = 9321E87B1CA22B14009C668F /* PBXContainerItemProxy */;
		};
/* End PBXTargetDependency section */

/* Begin PBXVariantGroup section */
		9321E8621CA22B14009C668F /* Main.storyboard */ = {
			isa = PBXVariantGroup;
			children = (
				9321E8631CA22B14009C668F /* Base */,
			);
			name = Main.storyboard;
			sourceTree = "<group>";
		};
		9321E8671CA22B14009C668F /* LaunchScreen.storyboard */ = {
			isa = PBXVariantGroup;
			children = (
				9321E8681CA22B14009C668F /* Base */,
			);
			name = LaunchScreen.storyboard;
			sourceTree = "<group>";
		};
/* End PBXVariantGroup section */

/* Begin XCBuildConfiguration section */
		9321E8811CA22B14009C668F /* Debug */ = {
			isa = XCBuildConfiguration;
			buildSettings = {
				ALWAYS_SEARCH_USER_PATHS = NO;
				CLANG_ANALYZER_NONNULL = YES;
				CLANG_CXX_LANGUAGE_STANDARD = "gnu++0x";
				CLANG_CXX_LIBRARY = "libc++";
				CLANG_ENABLE_MODULES = YES;
				CLANG_ENABLE_OBJC_ARC = YES;
				CLANG_WARN_BOOL_CONVERSION = YES;
				CLANG_WARN_CONSTANT_CONVERSION = YES;
				CLANG_WARN_DIRECT_OBJC_ISA_USAGE = YES_ERROR;
				CLANG_WARN_EMPTY_BODY = YES;
				CLANG_WARN_ENUM_CONVERSION = YES;
				CLANG_WARN_INT_CONVERSION = YES;
				CLANG_WARN_OBJC_ROOT_CLASS = YES_ERROR;
				CLANG_WARN_UNREACHABLE_CODE = YES;
				CLANG_WARN__DUPLICATE_METHOD_MATCH = YES;
				"CODE_SIGN_IDENTITY[sdk=iphoneos*]" = "iPhone Developer";
				COPY_PHASE_STRIP = NO;
				DEBUG_INFORMATION_FORMAT = dwarf;
				ENABLE_STRICT_OBJC_MSGSEND = YES;
				ENABLE_TESTABILITY = YES;
				GCC_C_LANGUAGE_STANDARD = gnu99;
				GCC_DYNAMIC_NO_PIC = NO;
				GCC_NO_COMMON_BLOCKS = YES;
				GCC_OPTIMIZATION_LEVEL = 0;
				GCC_PREPROCESSOR_DEFINITIONS = (
					"DEBUG=1",
					"$(inherited)",
				);
				GCC_WARN_64_TO_32_BIT_CONVERSION = YES;
				GCC_WARN_ABOUT_RETURN_TYPE = YES_ERROR;
				GCC_WARN_UNDECLARED_SELECTOR = YES;
				GCC_WARN_UNINITIALIZED_AUTOS = YES_AGGRESSIVE;
				GCC_WARN_UNUSED_FUNCTION = YES;
				GCC_WARN_UNUSED_VARIABLE = YES;
				IPHONEOS_DEPLOYMENT_TARGET = 9.3;
				MTL_ENABLE_DEBUG_INFO = YES;
				ONLY_ACTIVE_ARCH = YES;
				SDKROOT = iphoneos;
				SWIFT_OPTIMIZATION_LEVEL = "-Onone";
				TARGETED_DEVICE_FAMILY = "1,2";
			};
			name = Debug;
		};
		9321E8821CA22B14009C668F /* Release */ = {
			isa = XCBuildConfiguration;
			buildSettings = {
				ALWAYS_SEARCH_USER_PATHS = NO;
				CLANG_ANALYZER_NONNULL = YES;
				CLANG_CXX_LANGUAGE_STANDARD = "gnu++0x";
				CLANG_CXX_LIBRARY = "libc++";
				CLANG_ENABLE_MODULES = YES;
				CLANG_ENABLE_OBJC_ARC = YES;
				CLANG_WARN_BOOL_CONVERSION = YES;
				CLANG_WARN_CONSTANT_CONVERSION = YES;
				CLANG_WARN_DIRECT_OBJC_ISA_USAGE = YES_ERROR;
				CLANG_WARN_EMPTY_BODY = YES;
				CLANG_WARN_ENUM_CONVERSION = YES;
				CLANG_WARN_INT_CONVERSION = YES;
				CLANG_WARN_OBJC_ROOT_CLASS = YES_ERROR;
				CLANG_WARN_UNREACHABLE_CODE = YES;
				CLANG_WARN__DUPLICATE_METHOD_MATCH = YES;
				"CODE_SIGN_IDENTITY[sdk=iphoneos*]" = "iPhone Developer";
				COPY_PHASE_STRIP = NO;
				DEBUG_INFORMATION_FORMAT = "dwarf-with-dsym";
				ENABLE_NS_ASSERTIONS = NO;
				ENABLE_STRICT_OBJC_MSGSEND = YES;
				GCC_C_LANGUAGE_STANDARD = gnu99;
				GCC_NO_COMMON_BLOCKS = YES;
				GCC_WARN_64_TO_32_BIT_CONVERSION = YES;
				GCC_WARN_ABOUT_RETURN_TYPE = YES_ERROR;
				GCC_WARN_UNDECLARED_SELECTOR = YES;
				GCC_WARN_UNINITIALIZED_AUTOS = YES_AGGRESSIVE;
				GCC_WARN_UNUSED_FUNCTION = YES;
				GCC_WARN_UNUSED_VARIABLE = YES;
				IPHONEOS_DEPLOYMENT_TARGET = 9.3;
				MTL_ENABLE_DEBUG_INFO = NO;
				SDKROOT = iphoneos;
				TARGETED_DEVICE_FAMILY = "1,2";
				VALIDATE_PRODUCT = YES;
			};
			name = Release;
		};
		9321E8841CA22B14009C668F /* Debug */ = {
			isa = XCBuildConfiguration;
			buildSettings = {
				ASSETCATALOG_COMPILER_APPICON_NAME = AppIcon;
				INFOPLIST_FILE = TestUIBezier/Info.plist;
				LD_RUNPATH_SEARCH_PATHS = "$(inherited) @executable_path/Frameworks";
				PRODUCT_BUNDLE_IDENTIFIER = com.cjm.xueyan.TestUIBezier;
				PRODUCT_NAME = "$(TARGET_NAME)";
			};
			name = Debug;
		};
		9321E8851CA22B14009C668F /* Release */ = {
			isa = XCBuildConfiguration;
			buildSettings = {
				ASSETCATALOG_COMPILER_APPICON_NAME = AppIcon;
				INFOPLIST_FILE = TestUIBezier/Info.plist;
				LD_RUNPATH_SEARCH_PATHS = "$(inherited) @executable_path/Frameworks";
				PRODUCT_BUNDLE_IDENTIFIER = com.cjm.xueyan.TestUIBezier;
				PRODUCT_NAME = "$(TARGET_NAME)";
			};
			name = Release;
		};
		9321E8871CA22B14009C668F /* Debug */ = {
			isa = XCBuildConfiguration;
			buildSettings = {
				BUNDLE_LOADER = "$(TEST_HOST)";
				INFOPLIST_FILE = TestUIBezierTests/Info.plist;
				LD_RUNPATH_SEARCH_PATHS = "$(inherited) @executable_path/Frameworks @loader_path/Frameworks";
				PRODUCT_BUNDLE_IDENTIFIER = com.cjm.xueyan.TestUIBezierTests;
				PRODUCT_NAME = "$(TARGET_NAME)";
				TEST_HOST = "$(BUILT_PRODUCTS_DIR)/TestUIBezier.app/TestUIBezier";
			};
			name = Debug;
		};
		9321E8881CA22B14009C668F /* Release */ = {
			isa = XCBuildConfiguration;
			buildSettings = {
				BUNDLE_LOADER = "$(TEST_HOST)";
				INFOPLIST_FILE = TestUIBezierTests/Info.plist;
				LD_RUNPATH_SEARCH_PATHS = "$(inherited) @executable_path/Frameworks @loader_path/Frameworks";
				PRODUCT_BUNDLE_IDENTIFIER = com.cjm.xueyan.TestUIBezierTests;
				PRODUCT_NAME = "$(TARGET_NAME)";
				TEST_HOST = "$(BUILT_PRODUCTS_DIR)/TestUIBezier.app/TestUIBezier";
			};
			name = Release;
		};
		9321E88A1CA22B14009C668F /* Debug */ = {
			isa = XCBuildConfiguration;
			buildSettings = {
				INFOPLIST_FILE = TestUIBezierUITests/Info.plist;
				LD_RUNPATH_SEARCH_PATHS = "$(inherited) @executable_path/Frameworks @loader_path/Frameworks";
				PRODUCT_BUNDLE_IDENTIFIER = com.cjm.xueyan.TestUIBezierUITests;
				PRODUCT_NAME = "$(TARGET_NAME)";
				TEST_TARGET_NAME = TestUIBezier;
			};
			name = Debug;
		};
		9321E88B1CA22B14009C668F /* Release */ = {
			isa = XCBuildConfiguration;
			buildSettings = {
				INFOPLIST_FILE = TestUIBezierUITests/Info.plist;
				LD_RUNPATH_SEARCH_PATHS = "$(inherited) @executable_path/Frameworks @loader_path/Frameworks";
				PRODUCT_BUNDLE_IDENTIFIER = com.cjm.xueyan.TestUIBezierUITests;
				PRODUCT_NAME = "$(TARGET_NAME)";
				TEST_TARGET_NAME = TestUIBezier;
			};
			name = Release;
		};
/* End XCBuildConfiguration section */

/* Begin XCConfigurationList section */
		9321E8561CA22B13009C668F /* Build configuration list for PBXProject "TestUIBezier" */ = {
			isa = XCConfigurationList;
			buildConfigurations = (
				9321E8811CA22B14009C668F /* Debug */,
				9321E8821CA22B14009C668F /* Release */,
			);
			defaultConfigurationIsVisible = 0;
			defaultConfigurationName = Release;
		};
		9321E8831CA22B14009C668F /* Build configuration list for PBXNativeTarget "TestUIBezier" */ = {
			isa = XCConfigurationList;
			buildConfigurations = (
				9321E8841CA22B14009C668F /* Debug */,
				9321E8851CA22B14009C668F /* Release */,
			);
			defaultConfigurationIsVisible = 0;
		};
		9321E8861CA22B14009C668F /* Build configuration list for PBXNativeTarget "TestUIBezierTests" */ = {
			isa = XCConfigurationList;
			buildConfigurations = (
				9321E8871CA22B14009C668F /* Debug */,
				9321E8881CA22B14009C668F /* Release */,
			);
			defaultConfigurationIsVisible = 0;
		};
		9321E8891CA22B14009C668F /* Build configuration list for PBXNativeTarget "TestUIBezierUITests" */ = {
			isa = XCConfigurationList;
			buildConfigurations = (
				9321E88A1CA22B14009C668F /* Debug */,
				9321E88B1CA22B14009C668F /* Release */,
			);
			defaultConfigurationIsVisible = 0;
		};
/* End XCConfigurationList section */
	};
	rootObject = 9321E8531CA22B13009C668F /* Project object */;
}
